{
  "version": 1,
  "dependencies": {
    "net10.0": {
      "TUnit": {
        "type": "Direct",
        "requested": "[1.73.0, )",
        "resolved": "1.73.0",
        "contentHash": "OqR1flytHRq5YGvnk5nk/Ns7uweUGlaue10limU7ZRi1kxM6MIz8y6FmGTUROMU7OAJ98x5oyWR6INkNrEZaDg==",
        "dependencies": {
          "Microsoft.Testing.Extensions.CodeCoverage": "18.12.0",
          "Microsoft.Testing.Extensions.Telemetry": "2.5.0",
          "Microsoft.Testing.Extensions.TrxReport": "2.5.0",
          "TUnit.Assertions": "1.73.0",
          "TUnit.Engine": "1.73.0"
        }
      },
      "BouncyCastle.Cryptography": {
        "type": "Transitive",
        "resolved": "2.7.0",
        "contentHash": "U+12df8UEWHgBi04YVf/Lgi2dy3SItlIYvHjjEVa/BngCQIzDCDRBk50DDByCfDvSbe5pRNFr3b7UrVK2kMcLw=="
      },
      "Microsoft.ApplicationInsights": {
        "type": "Transitive",
        "resolved": "2.23.0",
        "contentHash": "nWArUZTdU7iqZLycLKWe0TDms48KKGE6pONH2terYNa8REXiqixrMOkf1sk5DHGMaUTqONU2YkS4SAXBhLStgw=="
      },
      "Microsoft.DiaSymReader": {
        "type": "Transitive",
        "resolved": "2.2.10",
        "contentHash": "zmGsm6b2y3STDa/Of7rdkkfTDV8VuGB8aCqIkLoJIQh5tL78K3zJ8OUyFKnfsaORXmGr9iOKwDkZfUjeXi+CwA=="
      },
      "Microsoft.Extensions.DependencyInjection.Abstractions": {
        "type": "Transitive",
        "resolved": "10.0.12",
        "contentHash": "9/qymSh7hVDMGTGwrLz8MRp5zRyXy9adGDOs4HwRdnLil3oZGYuWeZjbmHgCQ9BL1qBroVfgUK3U/nb61617Cw=="
      },
      "Microsoft.Extensions.DependencyModel": {
        "type": "Transitive",
        "resolved": "10.0.10",
        "contentHash": "rfZA1RjR021RPqSmIPovfz2aOd79TGqJ9BengbjnzIISOVwjLmuSDnhCMmiY/1c6iYvGolQ1iNGzkav0u11XEA=="
      },
      "Microsoft.Extensions.Logging.Abstractions": {
        "type": "Transitive",
        "resolved": "10.0.12",
        "contentHash": "+24lC4plfbEDNfLAdTV/SWKS7dW+16X4HdydO3R++134kSNTzcbYA4KpR1Hdh6uWisB8Za3AzwyOn+K+NxWIug==",
        "dependencies": {
          "Microsoft.Extensions.DependencyInjection.Abstractions": "10.0.12"
        }
      },
      "Microsoft.Testing.Extensions.CodeCoverage": {
        "type": "Transitive",
        "resolved": "18.12.0",
        "contentHash": "BST/sWYpKk9OXO7Yxktcg6FWORRsHU0EdCbMwZ7d3OqJsMKlrNHIZ30g0Ib4k5T5acJYXRBmg9mNrTU/N6cy1g==",
        "dependencies": {
          "Microsoft.DiaSymReader": "2.2.10",
          "Microsoft.Extensions.DependencyModel": "10.0.10",
          "Microsoft.Testing.Platform": "2.5.0",
          "Mono.Cecil": "0.11.6"
        }
      },
      "Microsoft.Testing.Extensions.Telemetry": {
        "type": "Transitive",
        "resolved": "2.5.0",
        "contentHash": "KrbMmSQMKoM+RrF4QUp0FNJzmTmFXqz3HNZFQ0/DyGqegAx1NcRYrXbHK+Oxw2f7GBWkrgGc9FIo92oKVkFhsQ==",
        "dependencies": {
          "Microsoft.ApplicationInsights": "2.23.0",
          "Microsoft.Testing.Platform": "[2.5.0, 3.0.0)"
        }
      },
      "Microsoft.Testing.Extensions.TrxReport": {
        "type": "Transitive",
        "resolved": "2.5.0",
        "contentHash": "U0dDWXTARCh41DXh0km+fkpAOS+987ymijXsdjOLyTZb4Zss92565PsEqisOncdoGhvDgJiAT+rfO4agfmaVqw==",
        "dependencies": {
          "Microsoft.Testing.Extensions.TrxReport.Abstractions": "2.5.0",
          "Microsoft.Testing.Platform": "[2.5.0, 3.0.0)"
        }
      },
      "Microsoft.Testing.Extensions.TrxReport.Abstractions": {
        "type": "Transitive",
        "resolved": "2.5.0",
        "contentHash": "awUJ9LERhvqQeBCf+CGo5fTMp6glXL8lck2mn/3sHUJ1cKOEfI9yaVS3wRRgAAdJQ0tX6rqisFvhEaZCWW3mcw==",
        "dependencies": {
          "Microsoft.Testing.Platform": "[2.5.0, 3.0.0)"
        }
      },
      "Microsoft.Testing.Platform": {
        "type": "Transitive",
        "resolved": "2.5.0",
        "contentHash": "SQ+jJgs4I+Bwd+ua+c++6X+hOMOCceSHZxQPZVtkKit+ENUdErIuGjZjXe9XVDeHixZc3KCgsjhf/bxS4Mb5yA=="
      },
      "Microsoft.Testing.Platform.MSBuild": {
        "type": "Transitive",
        "resolved": "2.5.0",
        "contentHash": "+8RNQSAiZoaz/3wqQvCMZKFv7oQ+BNHmM7g6fd47yH9v4wIYzTlnYYt/ohmx2sS4DmOFrKv7xuoqCE8vfW10eA==",
        "dependencies": {
          "Microsoft.Testing.Platform": "[2.5.0, 3.0.0)"
        }
      },
      "Mono.Cecil": {
        "type": "Transitive",
        "resolved": "0.11.6",
        "contentHash": "f33RkDtZO8VlGXCtmQIviOtxgnUdym9xx/b1p9h91CRGOsJFxCFOFK1FDbVt1OCf1aWwYejUFa2MOQyFWTFjbA=="
      },
      "TUnit.Assertions": {
        "type": "Transitive",
        "resolved": "1.73.0",
        "contentHash": "pJUH4DQ2oF22WZ7UU+jz6M1SiaGfGzpFxZge5zvAPKvF41Un7r+18cPWoltTt9J+Xemfbsh8gmVkRncSpI9i2w=="
      },
      "TUnit.Core": {
        "type": "Transitive",
        "resolved": "1.73.0",
        "contentHash": "ERl2Kr+dsnLjGM3qZoXvljxe8i4s8KcU8KF6pFt838T57tDB9NUVHAcLB1eOfnBGxCbANlHA0dQNXsJjT0mWDg=="
      },
      "TUnit.Engine": {
        "type": "Transitive",
        "resolved": "1.73.0",
        "contentHash": "n40QBeasaKhDjexIpBY/GrY774A5HkTVIDIbdLZiQ0ggg+Q9bwrrG5udKZvXu94Xif7ISxUhDFVcF074/tcNNA==",
        "dependencies": {
          "Microsoft.Testing.Extensions.TrxReport.Abstractions": "2.5.0",
          "Microsoft.Testing.Platform": "2.5.0",
          "Microsoft.Testing.Platform.MSBuild": "2.5.0",
          "TUnit.Core": "1.73.0"
        }
      },
      "theodicean.sharpadb": {
        "type": "Project",
        "dependencies": {
          "BouncyCastle.Cryptography": "[2.7.0, )",
          "Microsoft.Extensions.Logging.Abstractions": "[10.0.12, )"
        }
      }
    },
    "net11.0": {
      "TUnit": {
        "type": "Direct",
        "requested": "[1.73.0, )",
        "resolved": "1.73.0",
        "contentHash": "OqR1flytHRq5YGvnk5nk/Ns7uweUGlaue10limU7ZRi1kxM6MIz8y6FmGTUROMU7OAJ98x5oyWR6INkNrEZaDg==",
        "dependencies": {
          "Microsoft.Testing.Extensions.CodeCoverage": "18.12.0",
          "Microsoft.Testing.Extensions.Telemetry": "2.5.0",
          "Microsoft.Testing.Extensions.TrxReport": "2.5.0",
          "TUnit.Assertions": "1.73.0",
          "TUnit.Engine": "1.73.0"
        }
      },
      "BouncyCastle.Cryptography": {
        "type": "Transitive",
        "resolved": "2.7.0",
        "contentHash": "U+12df8UEWHgBi04YVf/Lgi2dy3SItlIYvHjjEVa/BngCQIzDCDRBk50DDByCfDvSbe5pRNFr3b7UrVK2kMcLw=="
      },
      "Microsoft.ApplicationInsights": {
        "type": "Transitive",
        "resolved": "2.23.0",
        "contentHash": "nWArUZTdU7iqZLycLKWe0TDms48KKGE6pONH2terYNa8REXiqixrMOkf1sk5DHGMaUTqONU2YkS4SAXBhLStgw=="
      },
      "Microsoft.DiaSymReader": {
        "type": "Transitive",
        "resolved": "2.2.10",
        "contentHash": "zmGsm6b2y3STDa/Of7rdkkfTDV8VuGB8aCqIkLoJIQh5tL78K3zJ8OUyFKnfsaORXmGr9iOKwDkZfUjeXi+CwA=="
      },
      "Microsoft.Extensions.DependencyModel": {
        "type": "Transitive",
        "resolved": "10.0.10",
        "contentHash": "rfZA1RjR021RPqSmIPovfz2aOd79TGqJ9BengbjnzIISOVwjLmuSDnhCMmiY/1c6iYvGolQ1iNGzkav0u11XEA=="
      },
      "Microsoft.Testing.Extensions.CodeCoverage": {
        "type": "Transitive",
        "resolved": "18.12.0",
        "contentHash": "BST/sWYpKk9OXO7Yxktcg6FWORRsHU0EdCbMwZ7d3OqJsMKlrNHIZ30g0Ib4k5T5acJYXRBmg9mNrTU/N6cy1g==",
        "dependencies": {
          "Microsoft.DiaSymReader": "2.2.10",
          "Microsoft.Extensions.DependencyModel": "10.0.10",
          "Microsoft.Testing.Platform": "2.5.0",
          "Mono.Cecil": "0.11.6"
        }
      },
      "Microsoft.Testing.Extensions.Telemetry": {
        "type": "Transitive",
        "resolved": "2.5.0",
        "contentHash": "KrbMmSQMKoM+RrF4QUp0FNJzmTmFXqz3HNZFQ0/DyGqegAx1NcRYrXbHK+Oxw2f7GBWkrgGc9FIo92oKVkFhsQ==",
        "dependencies": {
          "Microsoft.ApplicationInsights": "2.23.0",
          "Microsoft.Testing.Platform": "[2.5.0, 3.0.0)"
        }
      },
      "Microsoft.Testing.Extensions.TrxReport": {
        "type": "Transitive",
        "resolved": "2.5.0",
        "contentHash": "U0dDWXTARCh41DXh0km+fkpAOS+987ymijXsdjOLyTZb4Zss92565PsEqisOncdoGhvDgJiAT+rfO4agfmaVqw==",
        "dependencies": {
          "Microsoft.Testing.Extensions.TrxReport.Abstractions": "2.5.0",
          "Microsoft.Testing.Platform": "[2.5.0, 3.0.0)"
        }
      },
      "Microsoft.Testing.Extensions.TrxReport.Abstractions": {
        "type": "Transitive",
        "resolved": "2.5.0",
        "contentHash": "awUJ9LERhvqQeBCf+CGo5fTMp6glXL8lck2mn/3sHUJ1cKOEfI9yaVS3wRRgAAdJQ0tX6rqisFvhEaZCWW3mcw==",
        "dependencies": {
          "Microsoft.Testing.Platform": "[2.5.0, 3.0.0)"
        }
      },
      "Microsoft.Testing.Platform": {
        "type": "Transitive",
        "resolved": "2.5.0",
        "contentHash": "SQ+jJgs4I+Bwd+ua+c++6X+hOMOCceSHZxQPZVtkKit+ENUdErIuGjZjXe9XVDeHixZc3KCgsjhf/bxS4Mb5yA=="
      },
      "Microsoft.Testing.Platform.MSBuild": {
        "type": "Transitive",
        "resolved": "2.5.0",
        "contentHash": "+8RNQSAiZoaz/3wqQvCMZKFv7oQ+BNHmM7g6fd47yH9v4wIYzTlnYYt/ohmx2sS4DmOFrKv7xuoqCE8vfW10eA==",
        "dependencies": {
          "Microsoft.Testing.Platform": "[2.5.0, 3.0.0)"
        }
      },
      "Mono.Cecil": {
        "type": "Transitive",
        "resolved": "0.11.6",
        "contentHash": "f33RkDtZO8VlGXCtmQIviOtxgnUdym9xx/b1p9h91CRGOsJFxCFOFK1FDbVt1OCf1aWwYejUFa2MOQyFWTFjbA=="
      },
      "TUnit.Assertions": {
        "type": "Transitive",
        "resolved": "1.73.0",
        "contentHash": "pJUH4DQ2oF22WZ7UU+jz6M1SiaGfGzpFxZge5zvAPKvF41Un7r+18cPWoltTt9J+Xemfbsh8gmVkRncSpI9i2w=="
      },
      "TUnit.Core": {
        "type": "Transitive",
        "resolved": "1.73.0",
        "contentHash": "ERl2Kr+dsnLjGM3qZoXvljxe8i4s8KcU8KF6pFt838T57tDB9NUVHAcLB1eOfnBGxCbANlHA0dQNXsJjT0mWDg=="
      },
      "TUnit.Engine": {
        "type": "Transitive",
        "resolved": "1.73.0",
        "contentHash": "n40QBeasaKhDjexIpBY/GrY774A5HkTVIDIbdLZiQ0ggg+Q9bwrrG5udKZvXu94Xif7ISxUhDFVcF074/tcNNA==",
        "dependencies": {
          "Microsoft.Testing.Extensions.TrxReport.Abstractions": "2.5.0",
          "Microsoft.Testing.Platform": "2.5.0",
          "Microsoft.Testing.Platform.MSBuild": "2.5.0",
          "TUnit.Core": "1.73.0"
        }
      },
      "theodicean.sharpadb": {
        "type": "Project",
        "dependencies": {
          "BouncyCastle.Cryptography": "[2.7.0, )"
        }
      }
    }
  }
}