{
  "version": 1,
  "dependencies": {
    "net10.0": {
      "Meziantou.Analyzer": {
        "type": "Direct",
        "requested": "[3.0.70, )",
        "resolved": "3.0.70",
        "contentHash": "35vYXJK6u1TVufPPSj5ZLFgRdUT/Bp6pgKKyjr89qsc42qWC4yk1pSfwPyvEa3zwNz04gLi9adRnoRPSDe8dWw=="
      }
    }
  }
}