{
  "version": 1,
  "dependencies": {
    "net10.0": {
      "Meziantou.Analyzer": {
        "type": "Direct",
        "requested": "[3.0.63, )",
        "resolved": "3.0.63",
        "contentHash": "WHkfz41Kilygfto/ABn2Q3/7xVTpxM5D74d8nJSzA4oAucACa4itSjfEh5lyvEoCRg8BvuyalD+A99GORTbjsw=="
      }
    }
  }
}