{
  "version": 1,
  "dependencies": {
    "net10.0": {
      "Meziantou.Analyzer": {
        "type": "Direct",
        "requested": "[3.0.60, )",
        "resolved": "3.0.60",
        "contentHash": "tqpMEs+/Id7fE8MBQlrjCkxRyPxyO9LnyNIPxgRXKLABFAoqMA051AyTl+9O89xt6AOQI63TeQVvS3n0P5yu1Q=="
      }
    }
  }
}